
Microsoft Visual Studio Solution File, Format Version 12.00
# Visual Studio Version 16
VisualStudioVersion = 16.0.31515.178
MinimumVisualStudioVersion = 10.0.40219.1
Project("{8BC9CEB8-8B4A-11D0-8D11-00A0C91BC942}") = "c++控制台2", "c++控制台2.vcxproj", "{99A7D939-4B89-4891-8A40-17D4F253121C}"
EndProject
Global
	GlobalSection(SolutionConfigurationPlatforms) = preSolution
		Debug|x64 = Debug|x64
		Debug|x86 = Debug|x86
		Release|x64 = Release|x64
		Release|x86 = Release|x86
	EndGlobalSection
	GlobalSection(ProjectConfigurationPlatforms) = postSolution
		{99A7D939-4B89-4891-8A40-17D4F253121C}.Debug|x64.ActiveCfg = Debug|x64
		{99A7D939-4B89-4891-8A40-17D4F253121C}.Debug|x64.Build.0 = Debug|x64
		{99A7D939-4B89-4891-8A40-17D4F253121C}.Debug|x86.ActiveCfg = Debug|Win32
		{99A7D939-4B89-4891-8A40-17D4F253121C}.Debug|x86.Build.0 = Debug|Win32
		{99A7D939-4B89-4891-8A40-17D4F253121C}.Release|x64.ActiveCfg = Release|x64
		{99A7D939-4B89-4891-8A40-17D4F253121C}.Release|x64.Build.0 = Release|x64
		{99A7D939-4B89-4891-8A40-17D4F253121C}.Release|x86.ActiveCfg = Release|Win32
		{99A7D939-4B89-4891-8A40-17D4F253121C}.Release|x86.Build.0 = Release|Win32
	EndGlobalSection
	GlobalSection(SolutionProperties) = preSolution
		HideSolutionNode = FALSE
	EndGlobalSection
	GlobalSection(ExtensibilityGlobals) = postSolution
		SolutionGuid = {845F80C9-5798-4A61-8E5E-D594CE4C42A0}
	EndGlobalSection
EndGlobal
